
Microsoft Visual Studio Solution File, Format Version 12.00
# Visual Studio Version 16
VisualStudioVersion = 16.0.30225.117
MinimumVisualStudioVersion = 10.0.40219.1
Project("{FAE04EC0-301F-11D3-BF4B-00C04F79EFBC}") = "MedalhasOlimpiadas", "MedalhasOlimpiadas\MedalhasOlimpiadas.csproj", "{FF5D0882-49F4-4AA0-A456-C5E3D68F3A4B}"
EndProject
Global
	GlobalSection(SolutionConfigurationPlatforms) = preSolution
		Debug|Any CPU = Debug|Any CPU
		Release|Any CPU = Release|Any CPU
	EndGlobalSection
	GlobalSection(ProjectConfigurationPlatforms) = postSolution
		{FF5D0882-49F4-4AA0-A456-C5E3D68F3A4B}.Debug|Any CPU.ActiveCfg = Debug|Any CPU
		{FF5D0882-49F4-4AA0-A456-C5E3D68F3A4B}.Debug|Any CPU.Build.0 = Debug|Any CPU
		{FF5D0882-49F4-4AA0-A456-C5E3D68F3A4B}.Release|Any CPU.ActiveCfg = Release|Any CPU
		{FF5D0882-49F4-4AA0-A456-C5E3D68F3A4B}.Release|Any CPU.Build.0 = Release|Any CPU
	EndGlobalSection
	GlobalSection(SolutionProperties) = preSolution
		HideSolutionNode = FALSE
	EndGlobalSection
	GlobalSection(ExtensibilityGlobals) = postSolution
		SolutionGuid = {A1D4C364-983B-4E65-BC83-B6235540F8D0}
	EndGlobalSection
EndGlobal
